
Microsoft Visual Studio Solution File, Format Version 12.00
# Visual Studio Version 17
VisualStudioVersion = 17.3.32929.385
MinimumVisualStudioVersion = 10.0.40219.1
Project("{9A19103F-16F7-4668-BE54-9A1E7A4F7556}") = "ClientServerTools.TcpIpClient", "ClientServerTools.TcpIpClient\ClientServerTools.TcpIpClient.csproj", "{B9A7D248-4657-4238-9A7E-CC2D17952C29}"
EndProject
Project("{FAE04EC0-301F-11D3-BF4B-00C04F79EFBC}") = "ClientServerTools.TcpIpServer", "ClientServerTools.TcpIpServer\ClientServerTools.TcpIpServer.csproj", "{E6851812-47A2-47C6-AD66-D0939AC0A5E6}"
EndProject
Global
	GlobalSection(SolutionConfigurationPlatforms) = preSolution
		Debug|Any CPU = Debug|Any CPU
		Release|Any CPU = Release|Any CPU
	EndGlobalSection
	GlobalSection(ProjectConfigurationPlatforms) = postSolution
		{B9A7D248-4657-4238-9A7E-CC2D17952C29}.Debug|Any CPU.ActiveCfg = Debug|Any CPU
		{B9A7D248-4657-4238-9A7E-CC2D17952C29}.Debug|Any CPU.Build.0 = Debug|Any CPU
		{B9A7D248-4657-4238-9A7E-CC2D17952C29}.Release|Any CPU.ActiveCfg = Release|Any CPU
		{B9A7D248-4657-4238-9A7E-CC2D17952C29}.Release|Any CPU.Build.0 = Release|Any CPU
		{E6851812-47A2-47C6-AD66-D0939AC0A5E6}.Debug|Any CPU.ActiveCfg = Debug|Any CPU
		{E6851812-47A2-47C6-AD66-D0939AC0A5E6}.Debug|Any CPU.Build.0 = Debug|Any CPU
		{E6851812-47A2-47C6-AD66-D0939AC0A5E6}.Release|Any CPU.ActiveCfg = Release|Any CPU
		{E6851812-47A2-47C6-AD66-D0939AC0A5E6}.Release|Any CPU.Build.0 = Release|Any CPU
	EndGlobalSection
	GlobalSection(SolutionProperties) = preSolution
		HideSolutionNode = FALSE
	EndGlobalSection
	GlobalSection(ExtensibilityGlobals) = postSolution
		SolutionGuid = {C5A1501B-730E-4254-9430-BE50D35424E3}
	EndGlobalSection
EndGlobal
